
Microsoft Visual Studio Solution File, Format Version 12.00
# Visual Studio Version 16
VisualStudioVersion = 16.0.31410.357
MinimumVisualStudioVersion = 10.0.40219.1
Project("{2150E333-8FDC-42A3-9474-1A3956D46DE8}") = "Commands", "Commands", "{DAE5DDAF-9358-46A8-9851-FC3C4AF57F8B}"
EndProject
Project("{9A19103F-16F7-4668-BE54-9A1E7A4F7556}") = "Commands", "src\Commands\Commands.csproj", "{834AF6E9-BE71-4EAB-BC01-B1A48FC9875B}"
EndProject
Project("{9A19103F-16F7-4668-BE54-9A1E7A4F7556}") = "Commands.UnitTests", "tests\Commands.UnitsTests\Commands.UnitTests.csproj", "{D3B9D4EA-51ED-4D5C-8559-405659E79F02}"
EndProject
Project("{2150E333-8FDC-42A3-9474-1A3956D46DE8}") = "Queries", "Queries", "{C670DBFD-A0EA-4C50-85DF-61851FC97F18}"
EndProject
Project("{9A19103F-16F7-4668-BE54-9A1E7A4F7556}") = "Queries.UnitTests", "tests\Query.UnitTests\Queries.UnitTests.csproj", "{59BB6812-2214-40A4-A837-2DFC089FE3C3}"
EndProject
Project("{9A19103F-16F7-4668-BE54-9A1E7A4F7556}") = "Queries", "src\Queries\Queries.csproj", "{900FDDA9-CB4B-48B5-80E3-E450BAB90D6B}"
EndProject
Project("{2150E333-8FDC-42A3-9474-1A3956D46DE8}") = "Core", "Core", "{B1A30BFF-17D8-4F19-B898-2FA6388A3493}"
EndProject
Project("{9A19103F-16F7-4668-BE54-9A1E7A4F7556}") = "Core", "src\Core\Core.csproj", "{60D63DFB-2F22-430A-AA2D-827CD934CD95}"
EndProject
Project("{2150E333-8FDC-42A3-9474-1A3956D46DE8}") = "Domain", "Domain", "{BD2C9D6A-CA3C-4A6E-A848-DBACBB5E7322}"
EndProject
Project("{9A19103F-16F7-4668-BE54-9A1E7A4F7556}") = "Domain", "src\Domain\Domain.csproj", "{C12049DA-8728-4BEC-9579-8BE95917CCF5}"
EndProject
Project("{9A19103F-16F7-4668-BE54-9A1E7A4F7556}") = "FoodPlanner.IntegrationTests", "tests\IntegrationTests\FoodPlanner.IntegrationTests.csproj", "{550FB429-2CB8-4C22-BDE5-2D19116C3DCF}"
EndProject
Global
	GlobalSection(SolutionConfigurationPlatforms) = preSolution
		Debug|Any CPU = Debug|Any CPU
		Release|Any CPU = Release|Any CPU
	EndGlobalSection
	GlobalSection(ProjectConfigurationPlatforms) = postSolution
		{834AF6E9-BE71-4EAB-BC01-B1A48FC9875B}.Debug|Any CPU.ActiveCfg = Debug|Any CPU
		{834AF6E9-BE71-4EAB-BC01-B1A48FC9875B}.Debug|Any CPU.Build.0 = Debug|Any CPU
		{834AF6E9-BE71-4EAB-BC01-B1A48FC9875B}.Release|Any CPU.ActiveCfg = Release|Any CPU
		{834AF6E9-BE71-4EAB-BC01-B1A48FC9875B}.Release|Any CPU.Build.0 = Release|Any CPU
		{D3B9D4EA-51ED-4D5C-8559-405659E79F02}.Debug|Any CPU.ActiveCfg = Debug|Any CPU
		{D3B9D4EA-51ED-4D5C-8559-405659E79F02}.Debug|Any CPU.Build.0 = Debug|Any CPU
		{D3B9D4EA-51ED-4D5C-8559-405659E79F02}.Release|Any CPU.ActiveCfg = Release|Any CPU
		{D3B9D4EA-51ED-4D5C-8559-405659E79F02}.Release|Any CPU.Build.0 = Release|Any CPU
		{59BB6812-2214-40A4-A837-2DFC089FE3C3}.Debug|Any CPU.ActiveCfg = Debug|Any CPU
		{59BB6812-2214-40A4-A837-2DFC089FE3C3}.Debug|Any CPU.Build.0 = Debug|Any CPU
		{59BB6812-2214-40A4-A837-2DFC089FE3C3}.Release|Any CPU.ActiveCfg = Release|Any CPU
		{59BB6812-2214-40A4-A837-2DFC089FE3C3}.Release|Any CPU.Build.0 = Release|Any CPU
		{900FDDA9-CB4B-48B5-80E3-E450BAB90D6B}.Debug|Any CPU.ActiveCfg = Debug|Any CPU
		{900FDDA9-CB4B-48B5-80E3-E450BAB90D6B}.Debug|Any CPU.Build.0 = Debug|Any CPU
		{900FDDA9-CB4B-48B5-80E3-E450BAB90D6B}.Release|Any CPU.ActiveCfg = Release|Any CPU
		{900FDDA9-CB4B-48B5-80E3-E450BAB90D6B}.Release|Any CPU.Build.0 = Release|Any CPU
		{60D63DFB-2F22-430A-AA2D-827CD934CD95}.Debug|Any CPU.ActiveCfg = Debug|Any CPU
		{60D63DFB-2F22-430A-AA2D-827CD934CD95}.Debug|Any CPU.Build.0 = Debug|Any CPU
		{60D63DFB-2F22-430A-AA2D-827CD934CD95}.Release|Any CPU.ActiveCfg = Release|Any CPU
		{60D63DFB-2F22-430A-AA2D-827CD934CD95}.Release|Any CPU.Build.0 = Release|Any CPU
		{C12049DA-8728-4BEC-9579-8BE95917CCF5}.Debug|Any CPU.ActiveCfg = Debug|Any CPU
		{C12049DA-8728-4BEC-9579-8BE95917CCF5}.Debug|Any CPU.Build.0 = Debug|Any CPU
		{C12049DA-8728-4BEC-9579-8BE95917CCF5}.Release|Any CPU.ActiveCfg = Release|Any CPU
		{C12049DA-8728-4BEC-9579-8BE95917CCF5}.Release|Any CPU.Build.0 = Release|Any CPU
		{550FB429-2CB8-4C22-BDE5-2D19116C3DCF}.Debug|Any CPU.ActiveCfg = Debug|Any CPU
		{550FB429-2CB8-4C22-BDE5-2D19116C3DCF}.Debug|Any CPU.Build.0 = Debug|Any CPU
		{550FB429-2CB8-4C22-BDE5-2D19116C3DCF}.Release|Any CPU.ActiveCfg = Release|Any CPU
		{550FB429-2CB8-4C22-BDE5-2D19116C3DCF}.Release|Any CPU.Build.0 = Release|Any CPU
	EndGlobalSection
	GlobalSection(SolutionProperties) = preSolution
		HideSolutionNode = FALSE
	EndGlobalSection
	GlobalSection(NestedProjects) = preSolution
		{834AF6E9-BE71-4EAB-BC01-B1A48FC9875B} = {DAE5DDAF-9358-46A8-9851-FC3C4AF57F8B}
		{D3B9D4EA-51ED-4D5C-8559-405659E79F02} = {DAE5DDAF-9358-46A8-9851-FC3C4AF57F8B}
		{59BB6812-2214-40A4-A837-2DFC089FE3C3} = {C670DBFD-A0EA-4C50-85DF-61851FC97F18}
		{900FDDA9-CB4B-48B5-80E3-E450BAB90D6B} = {C670DBFD-A0EA-4C50-85DF-61851FC97F18}
		{60D63DFB-2F22-430A-AA2D-827CD934CD95} = {B1A30BFF-17D8-4F19-B898-2FA6388A3493}
		{C12049DA-8728-4BEC-9579-8BE95917CCF5} = {BD2C9D6A-CA3C-4A6E-A848-DBACBB5E7322}
	EndGlobalSection
	GlobalSection(ExtensibilityGlobals) = postSolution
		SolutionGuid = {81E4566C-8007-4F66-9041-85D0CCE06474}
	EndGlobalSection
EndGlobal
